
Microsoft Visual Studio Solution File, Format Version 12.00
# Visual Studio 15
Project("{FAE04EC0-301F-11D3-BF4B-00C04F79EFBC}") = "Assembly-CSharp", "Assembly-CSharp.csproj", "{66F1EB11-D976-B888-E13E-BF3BB0C2AB88}"
EndProject
Project("{FAE04EC0-301F-11D3-BF4B-00C04F79EFBC}") = "Assembly-CSharp-Editor-firstpass", "Assembly-CSharp-Editor-firstpass.csproj", "{105B0C09-2241-D76E-2BEF-B88DC4C020DD}"
EndProject
Global
	GlobalSection(SolutionConfigurationPlatforms) = preSolution
		Debug|Any CPU = Debug|Any CPU
		Release|Any CPU = Release|Any CPU
	EndGlobalSection
	GlobalSection(ProjectConfigurationPlatforms) = postSolution
		{66F1EB11-D976-B888-E13E-BF3BB0C2AB88}.Debug|Any CPU.ActiveCfg = Debug|Any CPU
		{66F1EB11-D976-B888-E13E-BF3BB0C2AB88}.Debug|Any CPU.Build.0 = Debug|Any CPU
		{66F1EB11-D976-B888-E13E-BF3BB0C2AB88}.Release|Any CPU.ActiveCfg = Release|Any CPU
		{66F1EB11-D976-B888-E13E-BF3BB0C2AB88}.Release|Any CPU.Build.0 = Release|Any CPU
		{105B0C09-2241-D76E-2BEF-B88DC4C020DD}.Debug|Any CPU.ActiveCfg = Debug|Any CPU
		{105B0C09-2241-D76E-2BEF-B88DC4C020DD}.Debug|Any CPU.Build.0 = Debug|Any CPU
		{105B0C09-2241-D76E-2BEF-B88DC4C020DD}.Release|Any CPU.ActiveCfg = Release|Any CPU
		{105B0C09-2241-D76E-2BEF-B88DC4C020DD}.Release|Any CPU.Build.0 = Release|Any CPU
	EndGlobalSection
	GlobalSection(SolutionProperties) = preSolution
		HideSolutionNode = FALSE
	EndGlobalSection
EndGlobal
